dependencies:
  esp_lcd_touch:
    dependencies:
    - name: idf
      version: '>=4.4.2'
    source:
      path: /home/barney/dev/esp-screen/battery/components/esp_lcd_touch
      type: local
    version: 1.2.1
  idf:
    source:
      type: idf
    version: 6.1.0
direct_dependencies:
- esp_lcd_touch
- idf
manifest_hash: 5da047601af100bcaeff32d34ffce1642956c88aa06fddd6b2183a646877ac50
target: esp32s3
version: 2.0.0
